{
    "version": 3,
    "terraform_version": "0.11.8",
    "serial": 36,
    "lineage": "26e5625c-2ae8-2cd6-b0d5-4041329bfe8f",
    "modules": [
        {
            "path": [
                "root"
            ],
            "outputs": {},
            "resources": {
                "aws_acm_certificate.aws_demo_ssl_cert": {
                    "type": "aws_acm_certificate",
                    "depends_on": [],
                    "primary": {
                        "id": "arn:aws:acm:us-west-2:202559324580:certificate/dca0a2a5-6f79-4ab3-be26-36e852ae9508",
                        "attributes": {
                            "arn": "arn:aws:acm:us-west-2:202559324580:certificate/dca0a2a5-6f79-4ab3-be26-36e852ae9508",
                            "domain_name": "aws-demo.runt9.tk",
                            "domain_validation_options.#": "1",
                            "domain_validation_options.0.domain_name": "aws-demo.runt9.tk",
                            "domain_validation_options.0.resource_record_name": "_6e3c9aa45c46f37a120fa84f62d26dc9.aws-demo.runt9.tk.",
                            "domain_validation_options.0.resource_record_type": "CNAME",
                            "domain_validation_options.0.resource_record_value": "_b7bb2ee30341fccb9bf9cbab94260631.tljzshvwok.acm-validations.aws.",
                            "id": "arn:aws:acm:us-west-2:202559324580:certificate/dca0a2a5-6f79-4ab3-be26-36e852ae9508",
                            "subject_alternative_names.#": "0",
                            "tags.%": "0",
                            "validation_emails.#": "0",
                            "validation_method": "DNS"
                        },
                        "meta": {},
                        "tainted": false
                    },
                    "deposed": [],
                    "provider": "provider.aws"
                },
                "aws_acm_certificate_validation.cert_validation": {
                    "type": "aws_acm_certificate_validation",
                    "depends_on": [
                        "aws_acm_certificate.aws_demo_ssl_cert",
                        "aws_route53_record.cert_validation"
                    ],
                    "primary": {
                        "id": "2018-09-06 02:57:21 +0000 UTC",
                        "attributes": {
                            "certificate_arn": "arn:aws:acm:us-west-2:202559324580:certificate/dca0a2a5-6f79-4ab3-be26-36e852ae9508",
                            "id": "2018-09-06 02:57:21 +0000 UTC",
                            "validation_record_fqdns.#": "1",
                            "validation_record_fqdns.575177569": "_6e3c9aa45c46f37a120fa84f62d26dc9.aws-demo.runt9.tk"
                        },
                        "meta": {
                            "e2bfb730-ecaa-11e6-8f88-34363bc7c4c0": {
                                "create": 2700000000000
                            }
                        },
                        "tainted": false
                    },
                    "deposed": [],
                    "provider": "provider.aws"
                },
                "aws_alb_listener.application_http": {
                    "type": "aws_alb_listener",
                    "depends_on": [
                        "aws_lb.application"
                    ],
                    "primary": {
                        "id": "arn:aws:elasticloadbalancing:us-west-2:202559324580:listener/app/application/d856e1386dccf9ed/0dccf1089b53228f",
                        "attributes": {
                            "arn": "arn:aws:elasticloadbalancing:us-west-2:202559324580:listener/app/application/d856e1386dccf9ed/0dccf1089b53228f",
                            "default_action.#": "1",
                            "default_action.0.fixed_response.#": "0",
                            "default_action.0.redirect.#": "1",
                            "default_action.0.redirect.0.host": "#{host}",
                            "default_action.0.redirect.0.path": "/#{path}",
                            "default_action.0.redirect.0.port": "443",
                            "default_action.0.redirect.0.protocol": "HTTPS",
                            "default_action.0.redirect.0.query": "#{query}",
                            "default_action.0.redirect.0.status_code": "HTTP_301",
                            "default_action.0.target_group_arn": "",
                            "default_action.0.type": "redirect",
                            "id": "arn:aws:elasticloadbalancing:us-west-2:202559324580:listener/app/application/d856e1386dccf9ed/0dccf1089b53228f",
                            "load_balancer_arn": "arn:aws:elasticloadbalancing:us-west-2:202559324580:loadbalancer/app/application/d856e1386dccf9ed",
                            "port": "80",
                            "protocol": "HTTP",
                            "ssl_policy": ""
                        },
                        "meta": {},
                        "tainted": false
                    },
                    "deposed": [],
                    "provider": "provider.aws"
                },
                "aws_alb_listener.application_https": {
                    "type": "aws_alb_listener",
                    "depends_on": [
                        "aws_acm_certificate_validation.cert_validation",
                        "aws_lb.application",
                        "aws_lb_target_group.application"
                    ],
                    "primary": {
                        "id": "arn:aws:elasticloadbalancing:us-west-2:202559324580:listener/app/application/d856e1386dccf9ed/db0e42d81c01a0be",
                        "attributes": {
                            "arn": "arn:aws:elasticloadbalancing:us-west-2:202559324580:listener/app/application/d856e1386dccf9ed/db0e42d81c01a0be",
                            "certificate_arn": "arn:aws:acm:us-west-2:202559324580:certificate/dca0a2a5-6f79-4ab3-be26-36e852ae9508",
                            "default_action.#": "1",
                            "default_action.0.fixed_response.#": "0",
                            "default_action.0.redirect.#": "0",
                            "default_action.0.target_group_arn": "arn:aws:elasticloadbalancing:us-west-2:202559324580:targetgroup/application/bd9e5bf40fb8d335",
                            "default_action.0.type": "forward",
                            "id": "arn:aws:elasticloadbalancing:us-west-2:202559324580:listener/app/application/d856e1386dccf9ed/db0e42d81c01a0be",
                            "load_balancer_arn": "arn:aws:elasticloadbalancing:us-west-2:202559324580:loadbalancer/app/application/d856e1386dccf9ed",
                            "port": "443",
                            "protocol": "HTTPS",
                            "ssl_policy": "ELBSecurityPolicy-2016-08"
                        },
                        "meta": {},
                        "tainted": false
                    },
                    "deposed": [],
                    "provider": "provider.aws"
                },
                "aws_eip.application_private_nat": {
                    "type": "aws_eip",
                    "depends_on": [],
                    "primary": {
                        "id": "eipalloc-0b3e68f6ba39af05d",
                        "attributes": {
                            "association_id": "eipassoc-69f5e9a4",
                            "domain": "vpc",
                            "id": "eipalloc-0b3e68f6ba39af05d",
                            "instance": "",
                            "network_interface": "eni-02bb998edd7e6deff",
                            "private_ip": "10.0.100.14",
                            "public_ip": "54.218.194.255",
                            "tags.%": "0",
                            "vpc": "true"
                        },
                        "meta": {
                            "e2bfb730-ecaa-11e6-8f88-34363bc7c4c0": {
                                "delete": 180000000000,
                                "read": 900000000000,
                                "update": 300000000000
                            }
                        },
                        "tainted": false
                    },
                    "deposed": [],
                    "provider": "provider.aws"
                },
                "aws_eip.database_nat": {
                    "type": "aws_eip",
                    "depends_on": [],
                    "primary": {
                        "id": "eipalloc-021c12670ab7fd0f5",
                        "attributes": {
                            "association_id": "eipassoc-73f8e4be",
                            "domain": "vpc",
                            "id": "eipalloc-021c12670ab7fd0f5",
                            "instance": "",
                            "network_interface": "eni-05b90ab570b7ef8d6",
                            "private_ip": "10.10.0.132",
                            "public_ip": "54.218.192.253",
                            "tags.%": "0",
                            "vpc": "true"
                        },
                        "meta": {
                            "e2bfb730-ecaa-11e6-8f88-34363bc7c4c0": {
                                "delete": 180000000000,
                                "read": 900000000000,
                                "update": 300000000000
                            }
                        },
                        "tainted": false
                    },
                    "deposed": [],
                    "provider": "provider.aws"
                },
                "aws_instance.application": {
                    "type": "aws_instance",
                    "depends_on": [
                        "aws_security_group.application_private",
                        "aws_subnet.application_private",
                        "data.aws_ami.aws_demo_ami"
                    ],
                    "primary": {
                        "id": "i-03261ee9524c49b3a",
                        "attributes": {
                            "ami": "ami-056ad9d88cf7d92c5",
                            "arn": "arn:aws:ec2:us-west-2:202559324580:instance/i-03261ee9524c49b3a",
                            "associate_public_ip_address": "false",
                            "availability_zone": "us-west-2a",
                            "cpu_core_count": "1",
                            "cpu_threads_per_core": "1",
                            "credit_specification.#": "1",
                            "credit_specification.0.cpu_credits": "standard",
                            "disable_api_termination": "false",
                            "ebs_block_device.#": "0",
                            "ebs_optimized": "false",
                            "ephemeral_block_device.#": "0",
                            "get_password_data": "false",
                            "iam_instance_profile": "",
                            "id": "i-03261ee9524c49b3a",
                            "instance_state": "running",
                            "instance_type": "t2.micro",
                            "ipv6_addresses.#": "0",
                            "key_name": "aws_demo",
                            "monitoring": "false",
                            "network_interface.#": "0",
                            "network_interface_id": "eni-015fe25f486149e8b",
                            "password_data": "",
                            "placement_group": "",
                            "primary_network_interface_id": "eni-015fe25f486149e8b",
                            "private_dns": "ip-10-0-100-236.us-west-2.compute.internal",
                            "private_ip": "10.0.100.236",
                            "public_dns": "",
                            "public_ip": "",
                            "root_block_device.#": "1",
                            "root_block_device.0.delete_on_termination": "true",
                            "root_block_device.0.iops": "100",
                            "root_block_device.0.volume_id": "vol-074401e98e6230dbd",
                            "root_block_device.0.volume_size": "8",
                            "root_block_device.0.volume_type": "gp2",
                            "security_groups.#": "0",
                            "source_dest_check": "true",
                            "subnet_id": "subnet-0ae69e1912419393c",
                            "tags.%": "0",
                            "tenancy": "default",
                            "volume_tags.%": "0",
                            "vpc_security_group_ids.#": "1",
                            "vpc_security_group_ids.1014468379": "sg-07d7c7b18a10a4fe3"
                        },
                        "meta": {
                            "e2bfb730-ecaa-11e6-8f88-34363bc7c4c0": {
                                "create": 600000000000,
                                "delete": 1200000000000,
                                "update": 600000000000
                            },
                            "schema_version": "1"
                        },
                        "tainted": false
                    },
                    "deposed": [],
                    "provider": "provider.aws"
                },
                "aws_internet_gateway.application": {
                    "type": "aws_internet_gateway",
                    "depends_on": [
                        "aws_vpc.application"
                    ],
                    "primary": {
                        "id": "igw-091bd523c2fda7675",
                        "attributes": {
                            "id": "igw-091bd523c2fda7675",
                            "tags.%": "0",
                            "vpc_id": "vpc-0ac1f38cb97bc31e6"
                        },
                        "meta": {},
                        "tainted": false
                    },
                    "deposed": [],
                    "provider": "provider.aws"
                },
                "aws_internet_gateway.database": {
                    "type": "aws_internet_gateway",
                    "depends_on": [
                        "aws_vpc.database"
                    ],
                    "primary": {
                        "id": "igw-0e4c027f034015075",
                        "attributes": {
                            "id": "igw-0e4c027f034015075",
                            "tags.%": "0",
                            "vpc_id": "vpc-0e891f45c6a853d29"
                        },
                        "meta": {},
                        "tainted": false
                    },
                    "deposed": [],
                    "provider": "provider.aws"
                },
                "aws_lb.application": {
                    "type": "aws_lb",
                    "depends_on": [
                        "aws_security_group.application_public",
                        "aws_subnet.application_public_1",
                        "aws_subnet.application_public_2"
                    ],
                    "primary": {
                        "id": "arn:aws:elasticloadbalancing:us-west-2:202559324580:loadbalancer/app/application/d856e1386dccf9ed",
                        "attributes": {
                            "access_logs.#": "0",
                            "arn": "arn:aws:elasticloadbalancing:us-west-2:202559324580:loadbalancer/app/application/d856e1386dccf9ed",
                            "arn_suffix": "app/application/d856e1386dccf9ed",
                            "dns_name": "application-317844529.us-west-2.elb.amazonaws.com",
                            "enable_deletion_protection": "false",
                            "enable_http2": "true",
                            "id": "arn:aws:elasticloadbalancing:us-west-2:202559324580:loadbalancer/app/application/d856e1386dccf9ed",
                            "idle_timeout": "60",
                            "internal": "false",
                            "ip_address_type": "ipv4",
                            "load_balancer_type": "application",
                            "name": "application",
                            "security_groups.#": "1",
                            "security_groups.3049712337": "sg-09a256cdb93b12d21",
                            "subnet_mapping.#": "0",
                            "subnets.#": "2",
                            "subnets.2003505454": "subnet-04779977aa2d02b53",
                            "subnets.3959229584": "subnet-0b774673e56b5e0fd",
                            "tags.%": "0",
                            "vpc_id": "vpc-0ac1f38cb97bc31e6",
                            "zone_id": "Z1H1FL5HABSF5"
                        },
                        "meta": {
                            "e2bfb730-ecaa-11e6-8f88-34363bc7c4c0": {
                                "create": 600000000000,
                                "delete": 600000000000,
                                "update": 600000000000
                            }
                        },
                        "tainted": false
                    },
                    "deposed": [],
                    "provider": "provider.aws"
                },
                "aws_lb_target_group.application": {
                    "type": "aws_lb_target_group",
                    "depends_on": [
                        "aws_vpc.application"
                    ],
                    "primary": {
                        "id": "arn:aws:elasticloadbalancing:us-west-2:202559324580:targetgroup/application/bd9e5bf40fb8d335",
                        "attributes": {
                            "arn": "arn:aws:elasticloadbalancing:us-west-2:202559324580:targetgroup/application/bd9e5bf40fb8d335",
                            "arn_suffix": "targetgroup/application/bd9e5bf40fb8d335",
                            "deregistration_delay": "300",
                            "health_check.#": "1",
                            "health_check.0.healthy_threshold": "5",
                            "health_check.0.interval": "30",
                            "health_check.0.matcher": "200",
                            "health_check.0.path": "/",
                            "health_check.0.port": "traffic-port",
                            "health_check.0.protocol": "HTTP",
                            "health_check.0.timeout": "5",
                            "health_check.0.unhealthy_threshold": "2",
                            "id": "arn:aws:elasticloadbalancing:us-west-2:202559324580:targetgroup/application/bd9e5bf40fb8d335",
                            "name": "application",
                            "port": "8000",
                            "protocol": "HTTP",
                            "proxy_protocol_v2": "false",
                            "slow_start": "0",
                            "stickiness.#": "1",
                            "stickiness.0.cookie_duration": "86400",
                            "stickiness.0.enabled": "false",
                            "stickiness.0.type": "lb_cookie",
                            "tags.%": "0",
                            "target_type": "instance",
                            "vpc_id": "vpc-0ac1f38cb97bc31e6"
                        },
                        "meta": {},
                        "tainted": false
                    },
                    "deposed": [],
                    "provider": "provider.aws"
                },
                "aws_lb_target_group_attachment.application_server_1": {
                    "type": "aws_lb_target_group_attachment",
                    "depends_on": [
                        "aws_instance.application",
                        "aws_lb_target_group.application"
                    ],
                    "primary": {
                        "id": "arn:aws:elasticloadbalancing:us-west-2:202559324580:targetgroup/application/bd9e5bf40fb8d335-20180906025411576800000001",
                        "attributes": {
                            "id": "arn:aws:elasticloadbalancing:us-west-2:202559324580:targetgroup/application/bd9e5bf40fb8d335-20180906025411576800000001",
                            "target_group_arn": "arn:aws:elasticloadbalancing:us-west-2:202559324580:targetgroup/application/bd9e5bf40fb8d335",
                            "target_id": "i-03261ee9524c49b3a"
                        },
                        "meta": {},
                        "tainted": false
                    },
                    "deposed": [],
                    "provider": "provider.aws"
                },
                "aws_nat_gateway.application_private": {
                    "type": "aws_nat_gateway",
                    "depends_on": [
                        "aws_eip.application_private_nat",
                        "aws_subnet.application_private"
                    ],
                    "primary": {
                        "id": "nat-0225791fe504db739",
                        "attributes": {
                            "allocation_id": "eipalloc-0b3e68f6ba39af05d",
                            "id": "nat-0225791fe504db739",
                            "network_interface_id": "eni-02bb998edd7e6deff",
                            "private_ip": "10.0.100.14",
                            "public_ip": "54.218.194.255",
                            "subnet_id": "subnet-0ae69e1912419393c",
                            "tags.%": "0"
                        },
                        "meta": {},
                        "tainted": false
                    },
                    "deposed": [],
                    "provider": "provider.aws"
                },
                "aws_nat_gateway.database": {
                    "type": "aws_nat_gateway",
                    "depends_on": [
                        "aws_eip.database_nat",
                        "aws_subnet.database"
                    ],
                    "primary": {
                        "id": "nat-0ad37ba41f6cfb414",
                        "attributes": {
                            "allocation_id": "eipalloc-021c12670ab7fd0f5",
                            "id": "nat-0ad37ba41f6cfb414",
                            "network_interface_id": "eni-05b90ab570b7ef8d6",
                            "private_ip": "10.10.0.132",
                            "public_ip": "54.218.192.253",
                            "subnet_id": "subnet-04bee689ecb7ab65e",
                            "tags.%": "0"
                        },
                        "meta": {},
                        "tainted": false
                    },
                    "deposed": [],
                    "provider": "provider.aws"
                },
                "aws_route53_record.aws_demo_record": {
                    "type": "aws_route53_record",
                    "depends_on": [
                        "aws_lb.application",
                        "data.aws_route53_zone.runt9_zone"
                    ],
                    "primary": {
                        "id": "Z1NG189SEAP1VN_aws-demo.runt9.tk_CNAME",
                        "attributes": {
                            "allow_overwrite": "true",
                            "fqdn": "aws-demo.runt9.tk",
                            "health_check_id": "",
                            "id": "Z1NG189SEAP1VN_aws-demo.runt9.tk_CNAME",
                            "name": "aws-demo.runt9.tk",
                            "records.#": "1",
                            "records.3788769809": "application-317844529.us-west-2.elb.amazonaws.com",
                            "set_identifier": "",
                            "ttl": "60",
                            "type": "CNAME",
                            "zone_id": "Z1NG189SEAP1VN"
                        },
                        "meta": {
                            "schema_version": "2"
                        },
                        "tainted": false
                    },
                    "deposed": [],
                    "provider": "provider.aws"
                },
                "aws_route53_record.cert_validation": {
                    "type": "aws_route53_record",
                    "depends_on": [
                        "aws_acm_certificate.aws_demo_ssl_cert",
                        "data.aws_route53_zone.runt9_zone"
                    ],
                    "primary": {
                        "id": "Z1NG189SEAP1VN__6e3c9aa45c46f37a120fa84f62d26dc9.aws-demo.runt9.tk._CNAME",
                        "attributes": {
                            "allow_overwrite": "true",
                            "fqdn": "_6e3c9aa45c46f37a120fa84f62d26dc9.aws-demo.runt9.tk",
                            "health_check_id": "",
                            "id": "Z1NG189SEAP1VN__6e3c9aa45c46f37a120fa84f62d26dc9.aws-demo.runt9.tk._CNAME",
                            "name": "_6e3c9aa45c46f37a120fa84f62d26dc9.aws-demo.runt9.tk",
                            "records.#": "1",
                            "records.2432507523": "_b7bb2ee30341fccb9bf9cbab94260631.tljzshvwok.acm-validations.aws.",
                            "set_identifier": "",
                            "ttl": "60",
                            "type": "CNAME",
                            "zone_id": "Z1NG189SEAP1VN"
                        },
                        "meta": {
                            "schema_version": "2"
                        },
                        "tainted": false
                    },
                    "deposed": [],
                    "provider": "provider.aws"
                },
                "aws_route_table.application_private": {
                    "type": "aws_route_table",
                    "depends_on": [
                        "aws_nat_gateway.application_private",
                        "aws_vpc.application",
                        "aws_vpc_peering_connection.application_to_database"
                    ],
                    "primary": {
                        "id": "rtb-0c3ef37d8e0488b63",
                        "attributes": {
                            "id": "rtb-0c3ef37d8e0488b63",
                            "propagating_vgws.#": "0",
                            "route.#": "2",
                            "route.1251749341.cidr_block": "10.10.0.0/16",
                            "route.1251749341.egress_only_gateway_id": "",
                            "route.1251749341.gateway_id": "",
                            "route.1251749341.instance_id": "",
                            "route.1251749341.ipv6_cidr_block": "",
                            "route.1251749341.nat_gateway_id": "",
                            "route.1251749341.network_interface_id": "",
                            "route.1251749341.vpc_peering_connection_id": "pcx-039bd0e8a1c0cf545",
                            "route.2436382377.cidr_block": "0.0.0.0/0",
                            "route.2436382377.egress_only_gateway_id": "",
                            "route.2436382377.gateway_id": "",
                            "route.2436382377.instance_id": "",
                            "route.2436382377.ipv6_cidr_block": "",
                            "route.2436382377.nat_gateway_id": "nat-0225791fe504db739",
                            "route.2436382377.network_interface_id": "",
                            "route.2436382377.vpc_peering_connection_id": "",
                            "tags.%": "0",
                            "vpc_id": "vpc-0ac1f38cb97bc31e6"
                        },
                        "meta": {},
                        "tainted": false
                    },
                    "deposed": [],
                    "provider": "provider.aws"
                },
                "aws_route_table.application_public": {
                    "type": "aws_route_table",
                    "depends_on": [
                        "aws_internet_gateway.application",
                        "aws_vpc.application"
                    ],
                    "primary": {
                        "id": "rtb-07801a5b776446837",
                        "attributes": {
                            "id": "rtb-07801a5b776446837",
                            "propagating_vgws.#": "0",
                            "route.#": "1",
                            "route.1612205002.cidr_block": "0.0.0.0/0",
                            "route.1612205002.egress_only_gateway_id": "",
                            "route.1612205002.gateway_id": "igw-091bd523c2fda7675",
                            "route.1612205002.instance_id": "",
                            "route.1612205002.ipv6_cidr_block": "",
                            "route.1612205002.nat_gateway_id": "",
                            "route.1612205002.network_interface_id": "",
                            "route.1612205002.vpc_peering_connection_id": "",
                            "tags.%": "0",
                            "vpc_id": "vpc-0ac1f38cb97bc31e6"
                        },
                        "meta": {},
                        "tainted": false
                    },
                    "deposed": [],
                    "provider": "provider.aws"
                },
                "aws_route_table.database": {
                    "type": "aws_route_table",
                    "depends_on": [
                        "aws_nat_gateway.database",
                        "aws_vpc.database"
                    ],
                    "primary": {
                        "id": "rtb-035c7155863d31ed8",
                        "attributes": {
                            "id": "rtb-035c7155863d31ed8",
                            "propagating_vgws.#": "0",
                            "route.#": "1",
                            "route.3336911740.cidr_block": "0.0.0.0/0",
                            "route.3336911740.egress_only_gateway_id": "",
                            "route.3336911740.gateway_id": "",
                            "route.3336911740.instance_id": "",
                            "route.3336911740.ipv6_cidr_block": "",
                            "route.3336911740.nat_gateway_id": "nat-0ad37ba41f6cfb414",
                            "route.3336911740.network_interface_id": "",
                            "route.3336911740.vpc_peering_connection_id": "",
                            "tags.%": "0",
                            "vpc_id": "vpc-0e891f45c6a853d29"
                        },
                        "meta": {},
                        "tainted": false
                    },
                    "deposed": [],
                    "provider": "provider.aws"
                },
                "aws_route_table.management": {
                    "type": "aws_route_table",
                    "depends_on": [
                        "aws_vpc.management",
                        "aws_vpc_peering_connection.management_to_application",
                        "aws_vpc_peering_connection.management_to_database",
                        "aws_vpn_gateway.management"
                    ],
                    "primary": {
                        "id": "rtb-012adf613e60ce579",
                        "attributes": {
                            "id": "rtb-012adf613e60ce579",
                            "propagating_vgws.#": "1",
                            "propagating_vgws.2962218472": "vgw-00c20660ae8ae6938",
                            "route.#": "3",
                            "route.1465147763.cidr_block": "10.0.0.0/16",
                            "route.1465147763.egress_only_gateway_id": "",
                            "route.1465147763.gateway_id": "",
                            "route.1465147763.instance_id": "",
                            "route.1465147763.ipv6_cidr_block": "",
                            "route.1465147763.nat_gateway_id": "",
                            "route.1465147763.network_interface_id": "",
                            "route.1465147763.vpc_peering_connection_id": "pcx-01534075fbf81ae47",
                            "route.1791106340.cidr_block": "10.10.0.0/16",
                            "route.1791106340.egress_only_gateway_id": "",
                            "route.1791106340.gateway_id": "",
                            "route.1791106340.instance_id": "",
                            "route.1791106340.ipv6_cidr_block": "",
                            "route.1791106340.nat_gateway_id": "",
                            "route.1791106340.network_interface_id": "",
                            "route.1791106340.vpc_peering_connection_id": "pcx-0654adf60ddb7535e",
                            "route.3984316373.cidr_block": "0.0.0.0/0",
                            "route.3984316373.egress_only_gateway_id": "",
                            "route.3984316373.gateway_id": "vgw-00c20660ae8ae6938",
                            "route.3984316373.instance_id": "",
                            "route.3984316373.ipv6_cidr_block": "",
                            "route.3984316373.nat_gateway_id": "",
                            "route.3984316373.network_interface_id": "",
                            "route.3984316373.vpc_peering_connection_id": "",
                            "tags.%": "0",
                            "vpc_id": "vpc-08a0d0138ced7714b"
                        },
                        "meta": {},
                        "tainted": false
                    },
                    "deposed": [],
                    "provider": "provider.aws"
                },
                "aws_route_table_association.application_private": {
                    "type": "aws_route_table_association",
                    "depends_on": [
                        "aws_route_table.application_private",
                        "aws_subnet.application_private"
                    ],
                    "primary": {
                        "id": "rtbassoc-037b9d9908df1bad5",
                        "attributes": {
                            "id": "rtbassoc-037b9d9908df1bad5",
                            "route_table_id": "rtb-0c3ef37d8e0488b63",
                            "subnet_id": "subnet-0ae69e1912419393c"
                        },
                        "meta": {},
                        "tainted": false
                    },
                    "deposed": [],
                    "provider": "provider.aws"
                },
                "aws_route_table_association.application_public_1": {
                    "type": "aws_route_table_association",
                    "depends_on": [
                        "aws_route_table.application_public",
                        "aws_subnet.application_public_1"
                    ],
                    "primary": {
                        "id": "rtbassoc-0d7d9e0fcad9ff335",
                        "attributes": {
                            "id": "rtbassoc-0d7d9e0fcad9ff335",
                            "route_table_id": "rtb-07801a5b776446837",
                            "subnet_id": "subnet-04779977aa2d02b53"
                        },
                        "meta": {},
                        "tainted": false
                    },
                    "deposed": [],
                    "provider": "provider.aws"
                },
                "aws_route_table_association.application_public_2": {
                    "type": "aws_route_table_association",
                    "depends_on": [
                        "aws_route_table.application_public",
                        "aws_subnet.application_public_2"
                    ],
                    "primary": {
                        "id": "rtbassoc-052ec31038bebd190",
                        "attributes": {
                            "id": "rtbassoc-052ec31038bebd190",
                            "route_table_id": "rtb-07801a5b776446837",
                            "subnet_id": "subnet-0b774673e56b5e0fd"
                        },
                        "meta": {},
                        "tainted": false
                    },
                    "deposed": [],
                    "provider": "provider.aws"
                },
                "aws_route_table_association.database": {
                    "type": "aws_route_table_association",
                    "depends_on": [
                        "aws_route_table.database",
                        "aws_subnet.database"
                    ],
                    "primary": {
                        "id": "rtbassoc-0df001c4dfea0e081",
                        "attributes": {
                            "id": "rtbassoc-0df001c4dfea0e081",
                            "route_table_id": "rtb-035c7155863d31ed8",
                            "subnet_id": "subnet-04bee689ecb7ab65e"
                        },
                        "meta": {},
                        "tainted": false
                    },
                    "deposed": [],
                    "provider": "provider.aws"
                },
                "aws_route_table_association.management": {
                    "type": "aws_route_table_association",
                    "depends_on": [
                        "aws_route_table.management",
                        "aws_subnet.management"
                    ],
                    "primary": {
                        "id": "rtbassoc-0d9cb5f593aec0138",
                        "attributes": {
                            "id": "rtbassoc-0d9cb5f593aec0138",
                            "route_table_id": "rtb-012adf613e60ce579",
                            "subnet_id": "subnet-066a7b88cae1ae5f3"
                        },
                        "meta": {},
                        "tainted": false
                    },
                    "deposed": [],
                    "provider": "provider.aws"
                },
                "aws_security_group.application_private": {
                    "type": "aws_security_group",
                    "depends_on": [
                        "aws_security_group.application_public",
                        "aws_vpc.application"
                    ],
                    "primary": {
                        "id": "sg-07d7c7b18a10a4fe3",
                        "attributes": {
                            "arn": "arn:aws:ec2:us-west-2:202559324580:security-group/sg-07d7c7b18a10a4fe3",
                            "description": "Traffic to/from Application Servers",
                            "egress.#": "1",
                            "egress.482069346.cidr_blocks.#": "1",
                            "egress.482069346.cidr_blocks.0": "0.0.0.0/0",
                            "egress.482069346.description": "",
                            "egress.482069346.from_port": "0",
                            "egress.482069346.ipv6_cidr_blocks.#": "0",
                            "egress.482069346.prefix_list_ids.#": "0",
                            "egress.482069346.protocol": "-1",
                            "egress.482069346.security_groups.#": "0",
                            "egress.482069346.self": "false",
                            "egress.482069346.to_port": "0",
                            "id": "sg-07d7c7b18a10a4fe3",
                            "ingress.#": "4",
                            "ingress.2242047588.cidr_blocks.#": "0",
                            "ingress.2242047588.description": "",
                            "ingress.2242047588.from_port": "8000",
                            "ingress.2242047588.ipv6_cidr_blocks.#": "0",
                            "ingress.2242047588.protocol": "tcp",
                            "ingress.2242047588.security_groups.#": "1",
                            "ingress.2242047588.security_groups.3049712337": "sg-09a256cdb93b12d21",
                            "ingress.2242047588.self": "false",
                            "ingress.2242047588.to_port": "8000",
                            "ingress.3279531707.cidr_blocks.#": "1",
                            "ingress.3279531707.cidr_blocks.0": "10.20.0.0/16",
                            "ingress.3279531707.description": "",
                            "ingress.3279531707.from_port": "22",
                            "ingress.3279531707.ipv6_cidr_blocks.#": "0",
                            "ingress.3279531707.protocol": "tcp",
                            "ingress.3279531707.security_groups.#": "0",
                            "ingress.3279531707.self": "false",
                            "ingress.3279531707.to_port": "22",
                            "ingress.4075701033.cidr_blocks.#": "1",
                            "ingress.4075701033.cidr_blocks.0": "76.85.68.157/32",
                            "ingress.4075701033.description": "",
                            "ingress.4075701033.from_port": "22",
                            "ingress.4075701033.ipv6_cidr_blocks.#": "0",
                            "ingress.4075701033.protocol": "tcp",
                            "ingress.4075701033.security_groups.#": "0",
                            "ingress.4075701033.self": "false",
                            "ingress.4075701033.to_port": "22",
                            "ingress.753360330.cidr_blocks.#": "0",
                            "ingress.753360330.description": "",
                            "ingress.753360330.from_port": "0",
                            "ingress.753360330.ipv6_cidr_blocks.#": "0",
                            "ingress.753360330.protocol": "-1",
                            "ingress.753360330.security_groups.#": "0",
                            "ingress.753360330.self": "true",
                            "ingress.753360330.to_port": "0",
                            "name": "Application Private",
                            "owner_id": "202559324580",
                            "revoke_rules_on_delete": "false",
                            "tags.%": "0",
                            "vpc_id": "vpc-0ac1f38cb97bc31e6"
                        },
                        "meta": {
                            "e2bfb730-ecaa-11e6-8f88-34363bc7c4c0": {
                                "create": 600000000000,
                                "delete": 600000000000
                            },
                            "schema_version": "1"
                        },
                        "tainted": false
                    },
                    "deposed": [],
                    "provider": "provider.aws"
                },
                "aws_security_group.application_public": {
                    "type": "aws_security_group",
                    "depends_on": [
                        "aws_vpc.application"
                    ],
                    "primary": {
                        "id": "sg-09a256cdb93b12d21",
                        "attributes": {
                            "arn": "arn:aws:ec2:us-west-2:202559324580:security-group/sg-09a256cdb93b12d21",
                            "description": "Traffic to/from Load Balancer",
                            "egress.#": "1",
                            "egress.482069346.cidr_blocks.#": "1",
                            "egress.482069346.cidr_blocks.0": "0.0.0.0/0",
                            "egress.482069346.description": "",
                            "egress.482069346.from_port": "0",
                            "egress.482069346.ipv6_cidr_blocks.#": "0",
                            "egress.482069346.prefix_list_ids.#": "0",
                            "egress.482069346.protocol": "-1",
                            "egress.482069346.security_groups.#": "0",
                            "egress.482069346.self": "false",
                            "egress.482069346.to_port": "0",
                            "id": "sg-09a256cdb93b12d21",
                            "ingress.#": "3",
                            "ingress.2214680975.cidr_blocks.#": "1",
                            "ingress.2214680975.cidr_blocks.0": "0.0.0.0/0",
                            "ingress.2214680975.description": "",
                            "ingress.2214680975.from_port": "80",
                            "ingress.2214680975.ipv6_cidr_blocks.#": "0",
                            "ingress.2214680975.protocol": "tcp",
                            "ingress.2214680975.security_groups.#": "0",
                            "ingress.2214680975.self": "false",
                            "ingress.2214680975.to_port": "80",
                            "ingress.2617001939.cidr_blocks.#": "1",
                            "ingress.2617001939.cidr_blocks.0": "0.0.0.0/0",
                            "ingress.2617001939.description": "",
                            "ingress.2617001939.from_port": "443",
                            "ingress.2617001939.ipv6_cidr_blocks.#": "0",
                            "ingress.2617001939.protocol": "tcp",
                            "ingress.2617001939.security_groups.#": "0",
                            "ingress.2617001939.self": "false",
                            "ingress.2617001939.to_port": "443",
                            "ingress.753360330.cidr_blocks.#": "0",
                            "ingress.753360330.description": "",
                            "ingress.753360330.from_port": "0",
                            "ingress.753360330.ipv6_cidr_blocks.#": "0",
                            "ingress.753360330.protocol": "-1",
                            "ingress.753360330.security_groups.#": "0",
                            "ingress.753360330.self": "true",
                            "ingress.753360330.to_port": "0",
                            "name": "Application Public",
                            "owner_id": "202559324580",
                            "revoke_rules_on_delete": "false",
                            "tags.%": "0",
                            "vpc_id": "vpc-0ac1f38cb97bc31e6"
                        },
                        "meta": {
                            "e2bfb730-ecaa-11e6-8f88-34363bc7c4c0": {
                                "create": 600000000000,
                                "delete": 600000000000
                            },
                            "schema_version": "1"
                        },
                        "tainted": false
                    },
                    "deposed": [],
                    "provider": "provider.aws"
                },
                "aws_security_group.database": {
                    "type": "aws_security_group",
                    "depends_on": [
                        "aws_vpc.database"
                    ],
                    "primary": {
                        "id": "sg-0a2a94074700cd894",
                        "attributes": {
                            "arn": "arn:aws:ec2:us-west-2:202559324580:security-group/sg-0a2a94074700cd894",
                            "description": "Traffic to/from Database servers",
                            "egress.#": "1",
                            "egress.482069346.cidr_blocks.#": "1",
                            "egress.482069346.cidr_blocks.0": "0.0.0.0/0",
                            "egress.482069346.description": "",
                            "egress.482069346.from_port": "0",
                            "egress.482069346.ipv6_cidr_blocks.#": "0",
                            "egress.482069346.prefix_list_ids.#": "0",
                            "egress.482069346.protocol": "-1",
                            "egress.482069346.security_groups.#": "0",
                            "egress.482069346.self": "false",
                            "egress.482069346.to_port": "0",
                            "id": "sg-0a2a94074700cd894",
                            "ingress.#": "3",
                            "ingress.2256603729.cidr_blocks.#": "1",
                            "ingress.2256603729.cidr_blocks.0": "10.0.100.0/24",
                            "ingress.2256603729.description": "",
                            "ingress.2256603729.from_port": "5432",
                            "ingress.2256603729.ipv6_cidr_blocks.#": "0",
                            "ingress.2256603729.protocol": "tcp",
                            "ingress.2256603729.security_groups.#": "0",
                            "ingress.2256603729.self": "false",
                            "ingress.2256603729.to_port": "5432",
                            "ingress.3279531707.cidr_blocks.#": "1",
                            "ingress.3279531707.cidr_blocks.0": "10.20.0.0/16",
                            "ingress.3279531707.description": "",
                            "ingress.3279531707.from_port": "22",
                            "ingress.3279531707.ipv6_cidr_blocks.#": "0",
                            "ingress.3279531707.protocol": "tcp",
                            "ingress.3279531707.security_groups.#": "0",
                            "ingress.3279531707.self": "false",
                            "ingress.3279531707.to_port": "22",
                            "ingress.753360330.cidr_blocks.#": "0",
                            "ingress.753360330.description": "",
                            "ingress.753360330.from_port": "0",
                            "ingress.753360330.ipv6_cidr_blocks.#": "0",
                            "ingress.753360330.protocol": "-1",
                            "ingress.753360330.security_groups.#": "0",
                            "ingress.753360330.self": "true",
                            "ingress.753360330.to_port": "0",
                            "name": "Database",
                            "owner_id": "202559324580",
                            "revoke_rules_on_delete": "false",
                            "tags.%": "0",
                            "vpc_id": "vpc-0e891f45c6a853d29"
                        },
                        "meta": {
                            "e2bfb730-ecaa-11e6-8f88-34363bc7c4c0": {
                                "create": 600000000000,
                                "delete": 600000000000
                            },
                            "schema_version": "1"
                        },
                        "tainted": false
                    },
                    "deposed": [],
                    "provider": "provider.aws"
                },
                "aws_security_group.management": {
                    "type": "aws_security_group",
                    "depends_on": [
                        "aws_vpc.management"
                    ],
                    "primary": {
                        "id": "sg-00b0ba6fbbe823655",
                        "attributes": {
                            "arn": "arn:aws:ec2:us-west-2:202559324580:security-group/sg-00b0ba6fbbe823655",
                            "description": "Traffic to/from management servers",
                            "egress.#": "3",
                            "egress.2214680975.cidr_blocks.#": "1",
                            "egress.2214680975.cidr_blocks.0": "0.0.0.0/0",
                            "egress.2214680975.description": "",
                            "egress.2214680975.from_port": "80",
                            "egress.2214680975.ipv6_cidr_blocks.#": "0",
                            "egress.2214680975.prefix_list_ids.#": "0",
                            "egress.2214680975.protocol": "tcp",
                            "egress.2214680975.security_groups.#": "0",
                            "egress.2214680975.self": "false",
                            "egress.2214680975.to_port": "80",
                            "egress.2617001939.cidr_blocks.#": "1",
                            "egress.2617001939.cidr_blocks.0": "0.0.0.0/0",
                            "egress.2617001939.description": "",
                            "egress.2617001939.from_port": "443",
                            "egress.2617001939.ipv6_cidr_blocks.#": "0",
                            "egress.2617001939.prefix_list_ids.#": "0",
                            "egress.2617001939.protocol": "tcp",
                            "egress.2617001939.security_groups.#": "0",
                            "egress.2617001939.self": "false",
                            "egress.2617001939.to_port": "443",
                            "egress.3091426316.cidr_blocks.#": "2",
                            "egress.3091426316.cidr_blocks.0": "10.0.100.0/24",
                            "egress.3091426316.cidr_blocks.1": "10.10.0.0/24",
                            "egress.3091426316.description": "",
                            "egress.3091426316.from_port": "22",
                            "egress.3091426316.ipv6_cidr_blocks.#": "0",
                            "egress.3091426316.prefix_list_ids.#": "0",
                            "egress.3091426316.protocol": "tcp",
                            "egress.3091426316.security_groups.#": "0",
                            "egress.3091426316.self": "false",
                            "egress.3091426316.to_port": "22",
                            "id": "sg-00b0ba6fbbe823655",
                            "ingress.#": "2",
                            "ingress.4077482592.cidr_blocks.#": "1",
                            "ingress.4077482592.cidr_blocks.0": "10.20.0.0/24",
                            "ingress.4077482592.description": "",
                            "ingress.4077482592.from_port": "22",
                            "ingress.4077482592.ipv6_cidr_blocks.#": "0",
                            "ingress.4077482592.protocol": "tcp",
                            "ingress.4077482592.security_groups.#": "0",
                            "ingress.4077482592.self": "false",
                            "ingress.4077482592.to_port": "22",
                            "ingress.753360330.cidr_blocks.#": "0",
                            "ingress.753360330.description": "",
                            "ingress.753360330.from_port": "0",
                            "ingress.753360330.ipv6_cidr_blocks.#": "0",
                            "ingress.753360330.protocol": "-1",
                            "ingress.753360330.security_groups.#": "0",
                            "ingress.753360330.self": "true",
                            "ingress.753360330.to_port": "0",
                            "name": "Management",
                            "owner_id": "202559324580",
                            "revoke_rules_on_delete": "false",
                            "tags.%": "0",
                            "vpc_id": "vpc-08a0d0138ced7714b"
                        },
                        "meta": {
                            "e2bfb730-ecaa-11e6-8f88-34363bc7c4c0": {
                                "create": 600000000000,
                                "delete": 600000000000
                            },
                            "schema_version": "1"
                        },
                        "tainted": false
                    },
                    "deposed": [],
                    "provider": "provider.aws"
                },
                "aws_subnet.application_private": {
                    "type": "aws_subnet",
                    "depends_on": [
                        "aws_vpc.application"
                    ],
                    "primary": {
                        "id": "subnet-0ae69e1912419393c",
                        "attributes": {
                            "arn": "arn:aws:ec2:us-west-2:202559324580:subnet/subnet-0ae69e1912419393c",
                            "assign_ipv6_address_on_creation": "false",
                            "availability_zone": "us-west-2a",
                            "cidr_block": "10.0.100.0/24",
                            "id": "subnet-0ae69e1912419393c",
                            "map_public_ip_on_launch": "false",
                            "tags.%": "0",
                            "vpc_id": "vpc-0ac1f38cb97bc31e6"
                        },
                        "meta": {
                            "schema_version": "1"
                        },
                        "tainted": false
                    },
                    "deposed": [],
                    "provider": "provider.aws"
                },
                "aws_subnet.application_public_1": {
                    "type": "aws_subnet",
                    "depends_on": [
                        "aws_vpc.application"
                    ],
                    "primary": {
                        "id": "subnet-04779977aa2d02b53",
                        "attributes": {
                            "arn": "arn:aws:ec2:us-west-2:202559324580:subnet/subnet-04779977aa2d02b53",
                            "assign_ipv6_address_on_creation": "false",
                            "availability_zone": "us-west-2a",
                            "cidr_block": "10.0.0.0/24",
                            "id": "subnet-04779977aa2d02b53",
                            "map_public_ip_on_launch": "false",
                            "tags.%": "0",
                            "vpc_id": "vpc-0ac1f38cb97bc31e6"
                        },
                        "meta": {
                            "schema_version": "1"
                        },
                        "tainted": false
                    },
                    "deposed": [],
                    "provider": "provider.aws"
                },
                "aws_subnet.application_public_2": {
                    "type": "aws_subnet",
                    "depends_on": [
                        "aws_vpc.application"
                    ],
                    "primary": {
                        "id": "subnet-0b774673e56b5e0fd",
                        "attributes": {
                            "arn": "arn:aws:ec2:us-west-2:202559324580:subnet/subnet-0b774673e56b5e0fd",
                            "assign_ipv6_address_on_creation": "false",
                            "availability_zone": "us-west-2b",
                            "cidr_block": "10.0.10.0/24",
                            "id": "subnet-0b774673e56b5e0fd",
                            "map_public_ip_on_launch": "false",
                            "tags.%": "0",
                            "vpc_id": "vpc-0ac1f38cb97bc31e6"
                        },
                        "meta": {
                            "schema_version": "1"
                        },
                        "tainted": false
                    },
                    "deposed": [],
                    "provider": "provider.aws"
                },
                "aws_subnet.database": {
                    "type": "aws_subnet",
                    "depends_on": [
                        "aws_vpc.database"
                    ],
                    "primary": {
                        "id": "subnet-04bee689ecb7ab65e",
                        "attributes": {
                            "arn": "arn:aws:ec2:us-west-2:202559324580:subnet/subnet-04bee689ecb7ab65e",
                            "assign_ipv6_address_on_creation": "false",
                            "availability_zone": "us-west-2a",
                            "cidr_block": "10.10.0.0/24",
                            "id": "subnet-04bee689ecb7ab65e",
                            "map_public_ip_on_launch": "false",
                            "tags.%": "0",
                            "vpc_id": "vpc-0e891f45c6a853d29"
                        },
                        "meta": {
                            "schema_version": "1"
                        },
                        "tainted": false
                    },
                    "deposed": [],
                    "provider": "provider.aws"
                },
                "aws_subnet.management": {
                    "type": "aws_subnet",
                    "depends_on": [
                        "aws_vpc.management"
                    ],
                    "primary": {
                        "id": "subnet-066a7b88cae1ae5f3",
                        "attributes": {
                            "arn": "arn:aws:ec2:us-west-2:202559324580:subnet/subnet-066a7b88cae1ae5f3",
                            "assign_ipv6_address_on_creation": "false",
                            "availability_zone": "us-west-2a",
                            "cidr_block": "10.20.0.0/24",
                            "id": "subnet-066a7b88cae1ae5f3",
                            "map_public_ip_on_launch": "false",
                            "tags.%": "0",
                            "vpc_id": "vpc-08a0d0138ced7714b"
                        },
                        "meta": {
                            "schema_version": "1"
                        },
                        "tainted": false
                    },
                    "deposed": [],
                    "provider": "provider.aws"
                },
                "aws_vpc.application": {
                    "type": "aws_vpc",
                    "depends_on": [],
                    "primary": {
                        "id": "vpc-0ac1f38cb97bc31e6",
                        "attributes": {
                            "arn": "arn:aws:ec2:us-west-2:202559324580:vpc/vpc-0ac1f38cb97bc31e6",
                            "assign_generated_ipv6_cidr_block": "false",
                            "cidr_block": "10.0.0.0/16",
                            "default_network_acl_id": "acl-08cd5b7da5987aa2f",
                            "default_route_table_id": "rtb-0572c1b50611dda32",
                            "default_security_group_id": "sg-023b13fb36d900e19",
                            "dhcp_options_id": "dopt-16748b6e",
                            "enable_classiclink": "false",
                            "enable_classiclink_dns_support": "false",
                            "enable_dns_hostnames": "false",
                            "enable_dns_support": "true",
                            "id": "vpc-0ac1f38cb97bc31e6",
                            "instance_tenancy": "default",
                            "main_route_table_id": "rtb-0572c1b50611dda32",
                            "tags.%": "0"
                        },
                        "meta": {
                            "schema_version": "1"
                        },
                        "tainted": false
                    },
                    "deposed": [],
                    "provider": "provider.aws"
                },
                "aws_vpc.database": {
                    "type": "aws_vpc",
                    "depends_on": [],
                    "primary": {
                        "id": "vpc-0e891f45c6a853d29",
                        "attributes": {
                            "arn": "arn:aws:ec2:us-west-2:202559324580:vpc/vpc-0e891f45c6a853d29",
                            "assign_generated_ipv6_cidr_block": "false",
                            "cidr_block": "10.10.0.0/16",
                            "default_network_acl_id": "acl-09bb8ae34a7ce80a0",
                            "default_route_table_id": "rtb-08d5f5d9750dc678e",
                            "default_security_group_id": "sg-0925597a441e57a4a",
                            "dhcp_options_id": "dopt-16748b6e",
                            "enable_classiclink": "false",
                            "enable_classiclink_dns_support": "false",
                            "enable_dns_hostnames": "false",
                            "enable_dns_support": "true",
                            "id": "vpc-0e891f45c6a853d29",
                            "instance_tenancy": "default",
                            "main_route_table_id": "rtb-08d5f5d9750dc678e",
                            "tags.%": "0"
                        },
                        "meta": {
                            "schema_version": "1"
                        },
                        "tainted": false
                    },
                    "deposed": [],
                    "provider": "provider.aws"
                },
                "aws_vpc.management": {
                    "type": "aws_vpc",
                    "depends_on": [],
                    "primary": {
                        "id": "vpc-08a0d0138ced7714b",
                        "attributes": {
                            "arn": "arn:aws:ec2:us-west-2:202559324580:vpc/vpc-08a0d0138ced7714b",
                            "assign_generated_ipv6_cidr_block": "false",
                            "cidr_block": "10.20.0.0/16",
                            "default_network_acl_id": "acl-0dac4b0705c8c782f",
                            "default_route_table_id": "rtb-08f5c9588bca764ac",
                            "default_security_group_id": "sg-0dc0f3638a2d66663",
                            "dhcp_options_id": "dopt-16748b6e",
                            "enable_classiclink": "false",
                            "enable_classiclink_dns_support": "false",
                            "enable_dns_hostnames": "false",
                            "enable_dns_support": "true",
                            "id": "vpc-08a0d0138ced7714b",
                            "instance_tenancy": "default",
                            "main_route_table_id": "rtb-08f5c9588bca764ac",
                            "tags.%": "0"
                        },
                        "meta": {
                            "schema_version": "1"
                        },
                        "tainted": false
                    },
                    "deposed": [],
                    "provider": "provider.aws"
                },
                "aws_vpc_peering_connection.application_to_database": {
                    "type": "aws_vpc_peering_connection",
                    "depends_on": [
                        "aws_vpc.application",
                        "aws_vpc.database"
                    ],
                    "primary": {
                        "id": "pcx-039bd0e8a1c0cf545",
                        "attributes": {
                            "accept_status": "active",
                            "accepter.#": "1",
                            "accepter.3244290774.allow_classic_link_to_remote_vpc": "false",
                            "accepter.3244290774.allow_remote_vpc_dns_resolution": "false",
                            "accepter.3244290774.allow_vpc_to_remote_classic_link": "false",
                            "auto_accept": "true",
                            "id": "pcx-039bd0e8a1c0cf545",
                            "peer_owner_id": "202559324580",
                            "peer_region": "us-west-2",
                            "peer_vpc_id": "vpc-0e891f45c6a853d29",
                            "requester.#": "1",
                            "requester.3244290774.allow_classic_link_to_remote_vpc": "false",
                            "requester.3244290774.allow_remote_vpc_dns_resolution": "false",
                            "requester.3244290774.allow_vpc_to_remote_classic_link": "false",
                            "tags.%": "0",
                            "vpc_id": "vpc-0ac1f38cb97bc31e6"
                        },
                        "meta": {
                            "e2bfb730-ecaa-11e6-8f88-34363bc7c4c0": {
                                "create": 60000000000,
                                "delete": 60000000000,
                                "update": 60000000000
                            }
                        },
                        "tainted": false
                    },
                    "deposed": [],
                    "provider": "provider.aws"
                },
                "aws_vpc_peering_connection.management_to_application": {
                    "type": "aws_vpc_peering_connection",
                    "depends_on": [
                        "aws_vpc.application",
                        "aws_vpc.management"
                    ],
                    "primary": {
                        "id": "pcx-01534075fbf81ae47",
                        "attributes": {
                            "accept_status": "active",
                            "accepter.#": "1",
                            "accepter.3244290774.allow_classic_link_to_remote_vpc": "false",
                            "accepter.3244290774.allow_remote_vpc_dns_resolution": "false",
                            "accepter.3244290774.allow_vpc_to_remote_classic_link": "false",
                            "auto_accept": "true",
                            "id": "pcx-01534075fbf81ae47",
                            "peer_owner_id": "202559324580",
                            "peer_region": "us-west-2",
                            "peer_vpc_id": "vpc-0ac1f38cb97bc31e6",
                            "requester.#": "1",
                            "requester.3244290774.allow_classic_link_to_remote_vpc": "false",
                            "requester.3244290774.allow_remote_vpc_dns_resolution": "false",
                            "requester.3244290774.allow_vpc_to_remote_classic_link": "false",
                            "tags.%": "0",
                            "vpc_id": "vpc-08a0d0138ced7714b"
                        },
                        "meta": {
                            "e2bfb730-ecaa-11e6-8f88-34363bc7c4c0": {
                                "create": 60000000000,
                                "delete": 60000000000,
                                "update": 60000000000
                            }
                        },
                        "tainted": false
                    },
                    "deposed": [],
                    "provider": "provider.aws"
                },
                "aws_vpc_peering_connection.management_to_database": {
                    "type": "aws_vpc_peering_connection",
                    "depends_on": [
                        "aws_vpc.database",
                        "aws_vpc.management"
                    ],
                    "primary": {
                        "id": "pcx-0654adf60ddb7535e",
                        "attributes": {
                            "accept_status": "active",
                            "accepter.#": "1",
                            "accepter.3244290774.allow_classic_link_to_remote_vpc": "false",
                            "accepter.3244290774.allow_remote_vpc_dns_resolution": "false",
                            "accepter.3244290774.allow_vpc_to_remote_classic_link": "false",
                            "auto_accept": "true",
                            "id": "pcx-0654adf60ddb7535e",
                            "peer_owner_id": "202559324580",
                            "peer_region": "us-west-2",
                            "peer_vpc_id": "vpc-0e891f45c6a853d29",
                            "requester.#": "1",
                            "requester.3244290774.allow_classic_link_to_remote_vpc": "false",
                            "requester.3244290774.allow_remote_vpc_dns_resolution": "false",
                            "requester.3244290774.allow_vpc_to_remote_classic_link": "false",
                            "tags.%": "0",
                            "vpc_id": "vpc-08a0d0138ced7714b"
                        },
                        "meta": {
                            "e2bfb730-ecaa-11e6-8f88-34363bc7c4c0": {
                                "create": 60000000000,
                                "delete": 60000000000,
                                "update": 60000000000
                            }
                        },
                        "tainted": false
                    },
                    "deposed": [],
                    "provider": "provider.aws"
                },
                "aws_vpn_gateway.management": {
                    "type": "aws_vpn_gateway",
                    "depends_on": [
                        "aws_vpc.management"
                    ],
                    "primary": {
                        "id": "vgw-00c20660ae8ae6938",
                        "attributes": {
                            "amazon_side_asn": "64512",
                            "id": "vgw-00c20660ae8ae6938",
                            "tags.%": "0",
                            "vpc_id": "vpc-08a0d0138ced7714b"
                        },
                        "meta": {},
                        "tainted": false
                    },
                    "deposed": [],
                    "provider": "provider.aws"
                },
                "data.aws_ami.aws_demo_ami": {
                    "type": "aws_ami",
                    "depends_on": [],
                    "primary": {
                        "id": "ami-056ad9d88cf7d92c5",
                        "attributes": {
                            "architecture": "x86_64",
                            "block_device_mappings.#": "3",
                            "block_device_mappings.1634610537.device_name": "/dev/sdb",
                            "block_device_mappings.1634610537.ebs.%": "0",
                            "block_device_mappings.1634610537.no_device": "",
                            "block_device_mappings.1634610537.virtual_name": "ephemeral0",
                            "block_device_mappings.2547816212.device_name": "/dev/sda1",
                            "block_device_mappings.2547816212.ebs.%": "6",
                            "block_device_mappings.2547816212.ebs.delete_on_termination": "true",
                            "block_device_mappings.2547816212.ebs.encrypted": "false",
                            "block_device_mappings.2547816212.ebs.iops": "0",
                            "block_device_mappings.2547816212.ebs.snapshot_id": "snap-026d477fc72027aba",
                            "block_device_mappings.2547816212.ebs.volume_size": "8",
                            "block_device_mappings.2547816212.ebs.volume_type": "gp2",
                            "block_device_mappings.2547816212.no_device": "",
                            "block_device_mappings.2547816212.virtual_name": "",
                            "block_device_mappings.3850042718.device_name": "/dev/sdc",
                            "block_device_mappings.3850042718.ebs.%": "0",
                            "block_device_mappings.3850042718.no_device": "",
                            "block_device_mappings.3850042718.virtual_name": "ephemeral1",
                            "creation_date": "2018-09-06T02:35:19.000Z",
                            "filter.#": "1",
                            "filter.3620207951.name": "name",
                            "filter.3620207951.values.#": "1",
                            "filter.3620207951.values.0": "aws-demo-*",
                            "hypervisor": "xen",
                            "id": "ami-056ad9d88cf7d92c5",
                            "image_id": "ami-056ad9d88cf7d92c5",
                            "image_location": "202559324580/aws-demo-1536201241",
                            "image_type": "machine",
                            "most_recent": "true",
                            "name": "aws-demo-1536201241",
                            "owner_id": "202559324580",
                            "owners.#": "1",
                            "owners.0": "202559324580",
                            "product_codes.#": "0",
                            "public": "false",
                            "root_device_name": "/dev/sda1",
                            "root_device_type": "ebs",
                            "root_snapshot_id": "snap-026d477fc72027aba",
                            "sriov_net_support": "simple",
                            "state": "available",
                            "state_reason.%": "2",
                            "state_reason.code": "UNSET",
                            "state_reason.message": "UNSET",
                            "tags.%": "1",
                            "tags.Name": "",
                            "virtualization_type": "hvm"
                        },
                        "meta": {},
                        "tainted": false
                    },
                    "deposed": [],
                    "provider": "provider.aws"
                },
                "data.aws_route53_zone.runt9_zone": {
                    "type": "aws_route53_zone",
                    "depends_on": [],
                    "primary": {
                        "id": "Z1NG189SEAP1VN",
                        "attributes": {
                            "caller_reference": "BB9B609E-448B-0188-A4BA-8E3C07D7E62A",
                            "comment": "",
                            "id": "Z1NG189SEAP1VN",
                            "name": "runt9.tk.",
                            "name_servers.#": "4",
                            "name_servers.0": "ns-2033.awsdns-62.co.uk",
                            "name_servers.1": "ns-493.awsdns-61.com",
                            "name_servers.2": "ns-522.awsdns-01.net",
                            "name_servers.3": "ns-1063.awsdns-04.org",
                            "private_zone": "false",
                            "resource_record_set_count": "4",
                            "zone_id": "Z1NG189SEAP1VN"
                        },
                        "meta": {},
                        "tainted": false
                    },
                    "deposed": [],
                    "provider": "provider.aws"
                }
            },
            "depends_on": []
        }
    ]
}
